
Microsoft Visual Studio Solution File, Format Version 12.00
# Visual Studio Version 17
VisualStudioVersion = 17.7.34031.279
MinimumVisualStudioVersion = 10.0.40219.1
Project("{FAE04EC0-301F-11D3-BF4B-00C04F79EFBC}") = "PressMe", "PressMe\PressMe.csproj", "{BE4ECD79-2566-4B56-A083-7967F9FBF65B}"
EndProject
Global
	GlobalSection(SolutionConfigurationPlatforms) = preSolution
		Debug|Any CPU = Debug|Any CPU
		Release|Any CPU = Release|Any CPU
	EndGlobalSection
	GlobalSection(ProjectConfigurationPlatforms) = postSolution
		{BE4ECD79-2566-4B56-A083-7967F9FBF65B}.Debug|Any CPU.ActiveCfg = Debug|Any CPU
		{BE4ECD79-2566-4B56-A083-7967F9FBF65B}.Debug|Any CPU.Build.0 = Debug|Any CPU
		{BE4ECD79-2566-4B56-A083-7967F9FBF65B}.Release|Any CPU.ActiveCfg = Release|Any CPU
		{BE4ECD79-2566-4B56-A083-7967F9FBF65B}.Release|Any CPU.Build.0 = Release|Any CPU
	EndGlobalSection
	GlobalSection(SolutionProperties) = preSolution
		HideSolutionNode = FALSE
	EndGlobalSection
	GlobalSection(ExtensibilityGlobals) = postSolution
		SolutionGuid = {045A44FD-4568-4A0B-A5CC-5F84DA4029AF}
	EndGlobalSection
EndGlobal
